{
    "_meta": {
        "hash": {
            "sha256": "449b84a9bdbc4fe6344f891e4abe3ff28fd12ea0a124c41eabe36de6e1f8d8f0"
        },
        "pipfile-spec": 6,
        "requires": {},
        "sources": [
            {
                "url": "https://pypi.python.org/simple",
                "verify_ssl": true
            }
        ]
    },
    "default": {
        "click": {
            "hashes": [
                "sha256:29f99fc6125fbc931b758dc053b3114e55c77a6e4c6c3a2674a2dc986016381d",
                "sha256:f15516df478d5a56180fbf80e68f206010e6d160fc39fa508b65e035fd75130b"
            ],
            "version": "==6.7"
        },
        "numpy": {
            "hashes": [
                "sha256:2428b109306075d89d21135bdd6b785f132a1f5a3260c371cee1fae427e12727",
                "sha256:377751954da04d4a6950191b20539066b4e19e3b559d4695399c5e8e3e683bf6",
                "sha256:4703b9e937df83f5b6b7447ca5912b5f5f297aba45f91dbbbc63ff9278c7aa98",
                "sha256:471c0571d0895c68da309dacee4e95a0811d0a9f9f532a48dc1bea5f3b7ad2b7",
                "sha256:61d5b4cf73622e4d0c6b83408a16631b670fc045afd6540679aa35591a17fe6d",
                "sha256:6c915ee7dba1071554e70a3664a839fbc033e1d6528199d4621eeaaa5487ccd2",
                "sha256:6e51e417d9ae2e7848314994e6fc3832c9d426abce9328cf7571eefceb43e6c9",
                "sha256:719656636c48be22c23641859ff2419b27b6bdf844b36a2447cb39caceb00935",
                "sha256:780ae5284cb770ade51d4b4a7dce4faa554eb1d88a56d0e8b9f35fca9b0270ff",
                "sha256:878922bf5ad7550aa044aa9301d417e2d3ae50f0f577de92051d739ac6096cee",
                "sha256:924dc3f83de20437de95a73516f36e09918e9c9c18d5eac520062c49191025fb",
                "sha256:97ce8b8ace7d3b9288d88177e66ee75480fb79b9cf745e91ecfe65d91a856042",
                "sha256:9c0fab855ae790ca74b27e55240fe4f2a36a364a3f1ebcfd1fb5ac4088f1cec3",
                "sha256:9cab23439eb1ebfed1aaec9cd42b7dc50fc96d5cd3147da348d9161f0501ada5",
                "sha256:a8e6859913ec8eeef3dbe9aed3bf475347642d1cdd6217c30f28dee8903528e6",
                "sha256:aa046527c04688af680217fffac61eec2350ef3f3d7320c07fd33f5c6e7b4d5f",
                "sha256:abc81829c4039e7e4c30f7897938fa5d4916a09c2c7eb9b244b7a35ddc9656f4",
                "sha256:bad70051de2c50b1a6259a6df1daaafe8c480ca98132da98976d8591c412e737",
                "sha256:c73a7975d77f15f7f68dacfb2bca3d3f479f158313642e8ea9058eea06637931",
                "sha256:d15007f857d6995db15195217afdbddfcd203dfaa0ba6878a2f580eaf810ecd6",
                "sha256:d76061ae5cab49b83a8cf3feacefc2053fac672728802ac137dd8c4123397677",
                "sha256:e8e4fbbb7e7634f263c5b0150a629342cc19b47c5eba8d1cd4363ab3455ab576",
                "sha256:e9459f40244bb02b2f14f6af0cd0732791d72232bbb0dc4bab57ef88e75f6935",
                "sha256:edb1f041a9146dcf02cd7df7187db46ab524b9af2515f392f337c7cbbf5b52cd"
            ],
            "version": "==1.20.2"
        },
        "pandas": {
            "hashes": [
                "sha256:0a4ee1e92b17f3dab52e654d2a4b210b2c91111bffaa3f41517f04993dd920c6",
                "sha256:1038ed65cd8b982c8685c04c64e17b96ae21ec0e869427055a6c7bf2d749dc5e",
                "sha256:1667e7caf173acd697226bb5a82b2233db0c4b6c563bad5b6c9bc4dedc5b7c55",
                "sha256:20e06f091278646c58cd1b227bd671b505ba911a581bb77b4c5ca516c89fc846",
                "sha256:528988612b3fc9c9d4a85b4d8551b0b399342427c9cfc7e4562158c79da8ff00",
                "sha256:645fd017f4c88df5a244c88f9e6b6bbfb14afa2d9fa9f3ad24861f31b4ebacd8",
                "sha256:67593d650065816bb6b237c07577ed6c15e44b217cf6caaeb258735a5a6611ed",
                "sha256:688a35124610e2cd0f648981403d41264cb11589896881ac0dacbed64a537e97",
                "sha256:69d2e3223c5566abf50c7eaa90dce166298af5ea6bbef8e568093657944ca603",
                "sha256:92173c976fcca70cb19a958eccdacf98af62ef7301bf786d0321cb8857cdfae6",
                "sha256:97889dc63f1e1d43fbf7b4bf423cb6d166a1953b9fe0163fd57bedc54bad3300",
                "sha256:9ad12c5406de8eabd22b7be364fe1f4466300301dd52b1f44a3bc5d18b06f081",
                "sha256:9c3fdbfd72fb73e9a8b7f45967bcf9d158d47340c970cf73bc3bb59d789422fc",
                "sha256:9c426662892c6de549cd229a6bd5eed4daa3a3cf51cc02412a7971bee4699d9b",
                "sha256:a102114b04e2e5efd1d9a73b8717874c644db50ab1fcdb96f12e2d063ff3b06f",
                "sha256:c320d2dccbd0fda89c8f734e2f0ddc954537394cb4f137715a916dc10062f9e3",
                "sha256:c50f9f8cc2b340cfcab364b8c5341c5a31bc75671de77f4bbb3315575a7889fd",
                "sha256:cb88bb0de30d7c2b25e3d1bacff1b5e405f401cc7ea2c414ffa25f03cdd7622e",
                "sha256:ceb8d90fa92f56a2b5a1ec1574eed06f645e2f65d0afc26eaacb28644fdb7bd5",
                "sha256:d5dc3bd06b4d5d6c00fe5124ca770f290355e2da4c6951043fa1d98ef23b48ab",
                "sha256:d89476a98ba9f5fe064436475cf40d3c4d15534ef878b9a23c90f413ed32e45b",
                "sha256:da206b338c7157be7d9fd22c070d6bd217260aa6f10d7260af9ebc138bc1d243",
                "sha256:f89d61ee18b7fd8f613e71ba4e7f3cf29e4c4b4f6e7df2904605c09124729c67"
            ],
            "version": "==0.20.2"
        },
        "python-dateutil": {
            "hashes": [
                "sha256:73ebfe9dbf22e832286dafa60473e4cd239f8592f699aa5adaf10050e6e1823c",
                "sha256:75bb3f31ea686f1197762692a9ee6a7550b59fc6ca3a1f4b5d7e32fb98e2da2a"
            ],
            "version": "==2.8.1"
        },
        "pytz": {
            "hashes": [
                "sha256:83a4a90894bf38e243cf052c8b58f381bfe9a7a483f6a9cab140bc7f702ac4da",
                "sha256:eb10ce3e7736052ed3623d49975ce333bcd712c7bb19a58b9e2089d4057d0798"
            ],
            "version": "==2021.1"
        },
        "six": {
            "hashes": [
                "sha256:30639c035cdb23534cd4aa2dd52c3bf48f06e5f4a941509c8bafd8ce11080259",
                "sha256:8b74bedcbbbaca38ff6d7491d76f2b06b3592611af620f8426e82dddb04a5ced"
            ],
            "version": "==1.15.0"
        }
    },
    "develop": {
        "alabaster": {
            "hashes": [
                "sha256:446438bdcca0e05bd45ea2de1668c1d9b032e1a9154c2c259092d77031ddd359",
                "sha256:a661d72d58e6ea8a57f7a86e37d86716863ee5e92788398526d58b26a4e4dc02"
            ],
            "version": "==0.7.12"
        },
        "appdirs": {
            "hashes": [
                "sha256:7d5d0167b2b1ba821647616af46a749d1c653740dd0d2415100fe26e27afdf41",
                "sha256:a841dacd6b99318a741b166adb07e19ee71a274450e68237b4650ca1055ab128"
            ],
            "version": "==1.4.4"
        },
        "babel": {
            "hashes": [
                "sha256:9d35c22fcc79893c3ecc85ac4a56cde1ecf3f19c540bba0922308a6c06ca6fa5",
                "sha256:da031ab54472314f210b0adcff1588ee5d1d1d0ba4dbd07b94dba82bde791e05"
            ],
            "version": "==2.9.0"
        },
        "bumpversion": {
            "hashes": [
                "sha256:6744c873dd7aafc24453d8b6a1a0d6d109faf63cd0cd19cb78fd46e74932c77e",
                "sha256:6753d9ff3552013e2130f7bc03c1007e24473b4835952679653fb132367bdd57"
            ],
            "version": "==0.5.3"
        },
        "certifi": {
            "hashes": [
                "sha256:1a4995114262bffbc2413b159f2a1a480c969de6e6eb13ee966d470af86af59c",
                "sha256:719a74fb9e33b9bd44cc7f3a8d94bc35e4049deebe19ba7d8e108280cfd59830"
            ],
            "version": "==2020.12.5"
        },
        "chardet": {
            "hashes": [
                "sha256:0d6f53a15db4120f2b08c94f11e7d93d2c911ee118b6b30a04ec3ee8310179fa",
                "sha256:f864054d66fd9118f2e67044ac8981a54775ec5b67aed0441892edb553d21da5"
            ],
            "version": "==4.0.0"
        },
        "coverage": {
            "hashes": [
                "sha256:0f1883eab9c19aa243f51308751b8a2a547b9b817b721cc0ecf3efb99fafbea7",
                "sha256:13ef9f799c8fb45c446a239df68034de3a6f3de274881b088bebd7f5661f79f8",
                "sha256:16db2c69a1acbcb3c13211e9f954e22b22a729909d81f983b6b9badacc466eda",
                "sha256:17709e22e4c9f5412ba90f446fb13b245cc20bf4a60377021bbff6c0f1f63e7c",
                "sha256:2a08e978f402696c6956eee9d1b7e95d3ad042959b71bafe1f3e4557cbd6e0ac",
                "sha256:381be5d31d3f0d912334cf2c159bc7bea6bfe6b0e3df6061a3bf2bf88359b1f6",
                "sha256:4047dc83773869701bde934fb3c4792648eda7c0e008a77a0aec64157d246801",
                "sha256:483ed14080c5301048128bb027b77978c632dd9e92e3ecb09b7e28f5b92abfcf",
                "sha256:53770b20ac5b4a12e99229d4bae57af0945be87cc257fce6c6c7571a39f0c5d4",
                "sha256:57f510bb16efaec0b6f371b64a8000c62e7e3b3e48e8b0a5745ade078d849814",
                "sha256:5dea90ed140e7fa9bc00463313f9bc4a6e6aff297b4969615e7a688615c4c4d2",
                "sha256:700040c354f0230287906b1276635552a3def4b646e0145555bc9e2e5da9e365",
                "sha256:7a9c44400ee0f3b4546066e0710e1250fd75831adc02ab99dda176ad8726f424",
                "sha256:7f1eacae700c66c3d7362a433b228599c9d94a5a3a52613dddd9474e04deb6bc",
                "sha256:83a477ac4f55a6ef59552683a0544d47b68a85ce6a80fd0ca6b3dc767f6495fb",
                "sha256:83e955b975666b5a07d217135e7797857ce844eb340a99e46cc25525120417c4",
                "sha256:8801880d32f11b6df11c32a961e186774b4634ae39d7c43235f5a24368a85f07",
                "sha256:9681efc2d310cfc53863cc6f63e88ebe7a48124550fa822147996cb09390b6ab",
                "sha256:97a7ec51cdde3a386e390b159b20f247ccb478084d925c75f1faa3d26c01335e",
                "sha256:a2f7106d1167825c4115794c2ba57cc3b15feb6183db5328fa66f94c12902d8b",
                "sha256:a5ed27ad3e8420b2d6b625dcbd3e59488c14ccc06030167bcf14ffb0f4189b77",
                "sha256:b7f7283eb7badd2b8a9c6a9d6eeca200a0a24db6be79baee2c11398f978edcaa",
                "sha256:c1456f66c536010cf9e4633a8853a9153e8fd588393695295afd4d0fc16c1d74",
                "sha256:c3e2736664a6074fc9bd54fb643f5af0fc60bfedb2963b3d3f98c7450335e34c",
                "sha256:c5a205b4da3c624f5119dc4d84240789b5906bb8468902ec22dcc4aad8aa4638",
                "sha256:c820a533a943ebc860acc0ce6a00dd36e0fdf2c6f619ff8225755169428c5fa2",
                "sha256:d7b70b7b4eb14d0753d33253fe4f121ca99102612e2719f0993607deb30c6f33",
                "sha256:dfb011587e2b7299112f08a2a60d2601706aac9abde37aa1177ea825adaed923",
                "sha256:dfd35f1979da31bcabbe27bcf78d4284d69870731874af629082590023a77336",
                "sha256:e00fe141e22ce6e9395aa24d862039eb180c6b7e89df0bbaf9765e9aebe560a9",
                "sha256:ec596e4401553caa6dd2e3349ce47f9ef82c1f1bcba5d8ac3342724f0df8d6ff",
                "sha256:ef43a06a960b46c73c018704051e023ee6082030f145841ffafc8728039d5a88",
                "sha256:ef574ab9640bcfa2f3c671831faf03f65788945fdf8efa4d4a1fffc034838e2a",
                "sha256:f9e83b39d29c2815a38e4118d776b482d4082b5bf9c9147fbc99a3f83abe480a"
            ],
            "version": "==4.4.1"
        },
        "distlib": {
            "hashes": [
                "sha256:8c09de2c67b3e7deef7184574fc060ab8a793e7adbb183d942c389c8b13c52fb",
                "sha256:edf6116872c863e1aa9d5bb7cb5e05a022c519a4594dc703843343a9ddd9bff1"
            ],
            "version": "==0.3.1"
        },
        "docutils": {
            "hashes": [
                "sha256:0c5b78adfbf7762415433f5515cd5c9e762339e23369dbe8000d84a4bf4ab3af",
                "sha256:c2de3a60e9e7d07be26b7f2b00ca0309c207e06c100f9cc2a94931fc75a478fc"
            ],
            "version": "==0.16"
        },
        "filelock": {
            "hashes": [
                "sha256:18d82244ee114f543149c66a6e0c14e9c4f8a1044b5cdaadd0f82159d6a6ff59",
                "sha256:929b7d63ec5b7d6b71b0fa5ac14e030b3f70b75747cef1b10da9b879fef15836"
            ],
            "version": "==3.0.12"
        },
        "flake8": {
            "hashes": [
                "sha256:83905eadba99f73fbfe966598aaf1682b3eb6755d2263c5b33a4e8367d60b0d1",
                "sha256:b907a26dcf5580753d8f80f1be0ec1d5c45b719f7bac441120793d1a70b03f12"
            ],
            "version": "==3.3.0"
        },
        "flake8-docstrings": {
            "hashes": [
                "sha256:0d2a7c12e57db7bef56f820d0294bed7a577a18609246f70d223bc1bdccc185c",
                "sha256:62992d5b452e940837ad42905baf09efcd6199813f8657391893414be8db463a"
            ],
            "version": "==1.1.0"
        },
        "flake8-polyfill": {
            "hashes": [
                "sha256:12be6a34ee3ab795b19ca73505e7b55826d5f6ad7230d31b18e106400169b9e9",
                "sha256:e44b087597f6da52ec6393a709e7108b2905317d0c0b744cdca6208e670d8eda"
            ],
            "version": "==1.0.2"
        },
        "idna": {
            "hashes": [
                "sha256:b307872f855b18632ce0c21c5e45be78c0ea7ae4c15c828c20788b26921eb3f6",
                "sha256:b97d804b1e9b523befed77c48dacec60e6dcb0b5391d57af6a65a312a90648c0"
            ],
            "version": "==2.10"
        },
        "imagesize": {
            "hashes": [
                "sha256:6965f19a6a2039c7d48bca7dba2473069ff854c36ae6f19d2cde309d998228a1",
                "sha256:b1f6b5a4eab1f73479a50fb79fcf729514a900c341d8503d62a62dbc4127a2b1"
            ],
            "version": "==1.2.0"
        },
        "jinja2": {
            "hashes": [
                "sha256:03e47ad063331dd6a3f04a43eddca8a966a26ba0c5b7207a9a9e4e08f1b29419",
                "sha256:a6d58433de0ae800347cab1fa3043cebbabe8baa9d29e668f1c768cb87a333c6"
            ],
            "version": "==2.11.3"
        },
        "markupsafe": {
            "hashes": [
                "sha256:00bc623926325b26bb9605ae9eae8a215691f33cae5df11ca5424f06f2d1f473",
                "sha256:09027a7803a62ca78792ad89403b1b7a73a01c8cb65909cd876f7fcebd79b161",
                "sha256:09c4b7f37d6c648cb13f9230d847adf22f8171b1ccc4d5682398e77f40309235",
                "sha256:1027c282dad077d0bae18be6794e6b6b8c91d58ed8a8d89a89d59693b9131db5",
                "sha256:13d3144e1e340870b25e7b10b98d779608c02016d5184cfb9927a9f10c689f42",
                "sha256:195d7d2c4fbb0ee8139a6cf67194f3973a6b3042d742ebe0a9ed36d8b6f0c07f",
                "sha256:22c178a091fc6630d0d045bdb5992d2dfe14e3259760e713c490da5323866c39",
                "sha256:24982cc2533820871eba85ba648cd53d8623687ff11cbb805be4ff7b4c971aff",
                "sha256:29872e92839765e546828bb7754a68c418d927cd064fd4708fab9fe9c8bb116b",
                "sha256:2beec1e0de6924ea551859edb9e7679da6e4870d32cb766240ce17e0a0ba2014",
                "sha256:3b8a6499709d29c2e2399569d96719a1b21dcd94410a586a18526b143ec8470f",
                "sha256:43a55c2930bbc139570ac2452adf3d70cdbb3cfe5912c71cdce1c2c6bbd9c5d1",
                "sha256:46c99d2de99945ec5cb54f23c8cd5689f6d7177305ebff350a58ce5f8de1669e",
                "sha256:500d4957e52ddc3351cabf489e79c91c17f6e0899158447047588650b5e69183",
                "sha256:535f6fc4d397c1563d08b88e485c3496cf5784e927af890fb3c3aac7f933ec66",
                "sha256:596510de112c685489095da617b5bcbbac7dd6384aeebeda4df6025d0256a81b",
                "sha256:62fe6c95e3ec8a7fad637b7f3d372c15ec1caa01ab47926cfdf7a75b40e0eac1",
                "sha256:6788b695d50a51edb699cb55e35487e430fa21f1ed838122d722e0ff0ac5ba15",
                "sha256:6dd73240d2af64df90aa7c4e7481e23825ea70af4b4922f8ede5b9e35f78a3b1",
                "sha256:6f1e273a344928347c1290119b493a1f0303c52f5a5eae5f16d74f48c15d4a85",
                "sha256:6fffc775d90dcc9aed1b89219549b329a9250d918fd0b8fa8d93d154918422e1",
                "sha256:717ba8fe3ae9cc0006d7c451f0bb265ee07739daf76355d06366154ee68d221e",
                "sha256:79855e1c5b8da654cf486b830bd42c06e8780cea587384cf6545b7d9ac013a0b",
                "sha256:7c1699dfe0cf8ff607dbdcc1e9b9af1755371f92a68f706051cc8c37d447c905",
                "sha256:7fed13866cf14bba33e7176717346713881f56d9d2bcebab207f7a036f41b850",
                "sha256:84dee80c15f1b560d55bcfe6d47b27d070b4681c699c572af2e3c7cc90a3b8e0",
                "sha256:88e5fcfb52ee7b911e8bb6d6aa2fd21fbecc674eadd44118a9cc3863f938e735",
                "sha256:8defac2f2ccd6805ebf65f5eeb132adcf2ab57aa11fdf4c0dd5169a004710e7d",
                "sha256:98bae9582248d6cf62321dcb52aaf5d9adf0bad3b40582925ef7c7f0ed85fceb",
                "sha256:98c7086708b163d425c67c7a91bad6e466bb99d797aa64f965e9d25c12111a5e",
                "sha256:9add70b36c5666a2ed02b43b335fe19002ee5235efd4b8a89bfcf9005bebac0d",
                "sha256:9bf40443012702a1d2070043cb6291650a0841ece432556f784f004937f0f32c",
                "sha256:a6a744282b7718a2a62d2ed9d993cad6f5f585605ad352c11de459f4108df0a1",
                "sha256:acf08ac40292838b3cbbb06cfe9b2cb9ec78fce8baca31ddb87aaac2e2dc3bc2",
                "sha256:ade5e387d2ad0d7ebf59146cc00c8044acbd863725f887353a10df825fc8ae21",
                "sha256:b00c1de48212e4cc9603895652c5c410df699856a2853135b3967591e4beebc2",
                "sha256:b1282f8c00509d99fef04d8ba936b156d419be841854fe901d8ae224c59f0be5",
                "sha256:b1dba4527182c95a0db8b6060cc98ac49b9e2f5e64320e2b56e47cb2831978c7",
                "sha256:b2051432115498d3562c084a49bba65d97cf251f5a331c64a12ee7e04dacc51b",
                "sha256:b7d644ddb4dbd407d31ffb699f1d140bc35478da613b441c582aeb7c43838dd8",
                "sha256:ba59edeaa2fc6114428f1637ffff42da1e311e29382d81b339c1817d37ec93c6",
                "sha256:bf5aa3cbcfdf57fa2ee9cd1822c862ef23037f5c832ad09cfea57fa846dec193",
                "sha256:c8716a48d94b06bb3b2524c2b77e055fb313aeb4ea620c8dd03a105574ba704f",
                "sha256:caabedc8323f1e93231b52fc32bdcde6db817623d33e100708d9a68e1f53b26b",
                "sha256:cd5df75523866410809ca100dc9681e301e3c27567cf498077e8551b6d20e42f",
                "sha256:cdb132fc825c38e1aeec2c8aa9338310d29d337bebbd7baa06889d09a60a1fa2",
                "sha256:d53bc011414228441014aa71dbec320c66468c1030aae3a6e29778a3382d96e5",
                "sha256:d73a845f227b0bfe8a7455ee623525ee656a9e2e749e4742706d80a6065d5e2c",
                "sha256:d9be0ba6c527163cbed5e0857c451fcd092ce83947944d6c14bc95441203f032",
                "sha256:e249096428b3ae81b08327a63a485ad0878de3fb939049038579ac0ef61e17e7",
                "sha256:e8313f01ba26fbbe36c7be1966a7b7424942f670f38e666995b88d012765b9be",
                "sha256:feb7b34d6325451ef96bc0e36e1a6c0c1c64bc1fbec4b854f4529e51887b1621"
            ],
            "version": "==1.1.1"
        },
        "mccabe": {
            "hashes": [
                "sha256:ab8a6258860da4b6677da4bd2fe5dc2c659cff31b3ee4f7f5d64e79735b80d42",
                "sha256:dd8d182285a0fe56bace7f45b5e7d1a6ebcbf524e8f3bd87eb0f125271b8831f"
            ],
            "version": "==0.6.1"
        },
        "mock": {
            "hashes": [
                "sha256:122fcb64ee37cfad5b3f48d7a7d51875d7031aaf3d8be7c42e2bee25044eee62",
                "sha256:7d3fbbde18228f4ff2f1f119a45cdffa458b4c0dee32eb4d2bb2f82554bac7bc"
            ],
            "version": "==4.0.3"
        },
        "pluggy": {
            "hashes": [
                "sha256:15b2acde666561e1298d71b523007ed7364de07029219b604cf808bfa1c765b0",
                "sha256:966c145cd83c96502c3c3868f50408687b38434af77734af1e9ca461a4081d2d"
            ],
            "version": "==0.13.1"
        },
        "py": {
            "hashes": [
                "sha256:21b81bda15b66ef5e1a777a21c4dcd9c20ad3efd0b3f817e7a809035269e1bd3",
                "sha256:3b80836aa6d1feeaa108e046da6423ab8f6ceda6468545ae8d02d9d58d18818a"
            ],
            "version": "==1.10.0"
        },
        "pycodestyle": {
            "hashes": [
                "sha256:682256a5b318149ca0d2a9185d365d8864a768a28db66a84a2ea946bcc426766",
                "sha256:6c4245ade1edfad79c3446fadfc96b0de2759662dc29d07d80a6f27ad1ca6ba9"
            ],
            "version": "==2.3.1"
        },
        "pydocstyle": {
            "hashes": [
                "sha256:164befb520d851dbcf0e029681b91f4f599c62c5cd8933fd54b1bfbd50e89e1f",
                "sha256:d4449cf16d7e6709f63192146706933c7a334af7c0f083904799ccb851c50f6d"
            ],
            "version": "==6.0.0"
        },
        "pyflakes": {
            "hashes": [
                "sha256:aa0d4dff45c0cc2214ba158d29280f8fa1129f3e87858ef825930845146337f4",
                "sha256:cc5eadfb38041f8366128786b4ca12700ed05bbf1403d808e89d57d67a3875a7"
            ],
            "version": "==1.5.0"
        },
        "pygments": {
            "hashes": [
                "sha256:bc9591213a8f0e0ca1a5e68a479b4887fdc3e75d0774e5c71c31920c427de435",
                "sha256:df49d09b498e83c1a73128295860250b0b7edd4c723a32e9bc0d295c7c2ec337"
            ],
            "version": "==2.7.4"
        },
        "pytest": {
            "hashes": [
                "sha256:41e618f317957505ae2e81935733d8304d84170f7e21dfb15184d6fa8d7a5230",
                "sha256:795ec29fbba70b22a593691ce8bcd4bdde2dc96e8099731f73c7d8bb3ce879bf"
            ],
            "version": "==3.1.2"
        },
        "pytest-spec": {
            "hashes": [
                "sha256:3039ac431df097c169a6bc40e7501f884efff077cf470ffb855315ba89ee29e7"
            ],
            "version": "==1.1.0"
        },
        "pytz": {
            "hashes": [
                "sha256:83a4a90894bf38e243cf052c8b58f381bfe9a7a483f6a9cab140bc7f702ac4da",
                "sha256:eb10ce3e7736052ed3623d49975ce333bcd712c7bb19a58b9e2089d4057d0798"
            ],
            "version": "==2021.1"
        },
        "pyyaml": {
            "hashes": [
                "sha256:16b20e970597e051997d90dc2cddc713a2876c47e3d92d59ee198700c5427736",
                "sha256:3262c96a1ca437e7e4763e2843746588a965426550f3797a79fca9c6199c431f",
                "sha256:592766c6303207a20efc445587778322d7f73b161bd994f227adaa341ba212ab",
                "sha256:5ac82e411044fb129bae5cfbeb3ba626acb2af31a8d17d175004b70862a741a7",
                "sha256:827dc04b8fa7d07c44de11fabbc888e627fa8293b695e0f99cb544fdfa1bf0d1",
                "sha256:bc6bced57f826ca7cb5125a10b23fd0f2fff3b7c4701d64c439a300ce665fff8",
                "sha256:c01b880ec30b5a6e6aa67b09a2fe3fb30473008c85cd6a67359a1b15ed6d83a4",
                "sha256:e863072cdf4c72eebf179342c94e6989c67185842d9997960b3e69290b2fa269"
            ],
            "version": "==3.12"
        },
        "requests": {
            "hashes": [
                "sha256:27973dd4a904a4f13b263a19c866c13b92a39ed1c964655f025f3f8d3d75b804",
                "sha256:c210084e36a42ae6b9219e00e48287def368a26d03a048ddad7bfee44f75871e"
            ],
            "version": "==2.25.1"
        },
        "six": {
            "hashes": [
                "sha256:30639c035cdb23534cd4aa2dd52c3bf48f06e5f4a941509c8bafd8ce11080259",
                "sha256:8b74bedcbbbaca38ff6d7491d76f2b06b3592611af620f8426e82dddb04a5ced"
            ],
            "version": "==1.15.0"
        },
        "snowballstemmer": {
            "hashes": [
                "sha256:b51b447bea85f9968c13b650126a888aabd4cb4463fca868ec596826325dedc2",
                "sha256:e997baa4f2e9139951b6f4c631bad912dfd3c792467e2f03d7239464af90e914"
            ],
            "version": "==2.1.0"
        },
        "sphinx": {
            "hashes": [
                "sha256:011c1851b5f2d9f4b1d9898162867f2bf91db5c26ad8178d3122909203bc2f6c",
                "sha256:67527d767dff9a2e2159c501265cff47b6d96d39e036e8b971d6c143ff303197"
            ],
            "version": "==1.6.2"
        },
        "sphinxcontrib-serializinghtml": {
            "hashes": [
                "sha256:eaa0eccc86e982a9b939b2b82d12cc5d013385ba5eadcc7e4fed23f4405f77bc",
                "sha256:f242a81d423f59617a8e5cf16f5d4d74e28ee9a66f9e5b637a18082991db5a9a"
            ],
            "version": "==1.1.4"
        },
        "sphinxcontrib-websupport": {
            "hashes": [
                "sha256:4edf0223a0685a7c485ae5a156b6f529ba1ee481a1417817935b20bde1956232",
                "sha256:6fc9287dfc823fe9aa432463edd6cea47fa9ebbf488d7f289b322ffcfca075c7"
            ],
            "version": "==1.2.4"
        },
        "tox": {
            "hashes": [
                "sha256:0f37ea637ead4a5bbae91531b0bf8fd327c7152e20255e5960ee180598228d21",
                "sha256:9c3bdc06fe411d24015e8bbbab9d03dc5243a970154496aac13f9283682435f9"
            ],
            "version": "==2.7.0"
        },
        "urllib3": {
            "hashes": [
                "sha256:2f4da4594db7e1e110a944bb1b551fdf4e6c136ad42e4234131391e21eb5b0df",
                "sha256:e7b021f7241115872f92f43c6508082facffbd1c048e3c6e2bb9c2a157e28937"
            ],
            "version": "==1.26.4"
        },
        "virtualenv": {
            "hashes": [
                "sha256:49ec4eb4c224c6f7dd81bb6d0a28a09ecae5894f4e593c89b0db0885f565a107",
                "sha256:83f95875d382c7abafe06bd2a4cdd1b363e1bb77e02f155ebe8ac082a916b37c"
            ],
            "markers": "python_version != '3.2'",
            "version": "==20.4.3"
        }
    }
}
