{
    "_meta": {
        "hash": {
            "sha256": "449b84a9bdbc4fe6344f891e4abe3ff28fd12ea0a124c41eabe36de6e1f8d8f0"
        },
        "pipfile-spec": 6,
        "requires": {},
        "sources": [
            {
                "url": "https://pypi.python.org/simple",
                "verify_ssl": true
            }
        ]
    },
    "default": {
        "click": {
            "hashes": [
                "sha256:29f99fc6125fbc931b758dc053b3114e55c77a6e4c6c3a2674a2dc986016381d",
                "sha256:f15516df478d5a56180fbf80e68f206010e6d160fc39fa508b65e035fd75130b"
            ],
            "version": "==6.7"
        },
        "numpy": {
            "hashes": [
                "sha256:0cfe07133fd00b27edee5e6385e333e9eeb010607e8a46e1cd673f05f8596595",
                "sha256:11a1f3816ea82eed4178102c56281782690ab5993251fdfd75039aad4d20385f",
                "sha256:2762331de395739c91f1abb88041f94a080cb1143aeec791b3b223976228af3f",
                "sha256:283d9de87c0133ef98f93dfc09fad3fb382f2a15580de75c02b5bb36a5a159a5",
                "sha256:3d22662b4b10112c545c91a0741f2436f8ca979ab3d69d03d19322aa970f9695",
                "sha256:41388e32e40b41dd56eb37fcaa7488b2b47b0adf77c66154d6b89622c110dfe9",
                "sha256:42c16cec1c8cf2728f1d539bd55aaa9d6bb48a7de2f41eb944697293ef65a559",
                "sha256:47ee7a839f5885bc0c63a74aabb91f6f40d7d7b639253768c4199b37aede7982",
                "sha256:5a311ee4d983c487a0ab546708edbdd759393a3dc9cd30305170149fedd23c88",
                "sha256:5dc65644f75a4c2970f21394ad8bea1a844104f0fe01f278631be1c7eae27226",
                "sha256:6ed0d073a9c54ac40c41a9c2d53fcc3d4d4ed607670b9e7b0de1ba13b4cbfe6f",
                "sha256:76ba7c40e80f9dc815c5e896330700fd6e20814e69da9c1267d65a4d051080f1",
                "sha256:818b9be7900e8dc23e013a92779135623476f44a0de58b40c32a15368c01d471",
                "sha256:a024181d7aef0004d76fb3bce2a4c9f2e67a609a9e2a6ff2571d30e9976aa383",
                "sha256:a955e4128ac36797aaffd49ab44ec74a71c11d6938df83b1285492d277db5397",
                "sha256:a97a954a8c2f046d3817c2bce16e3c7e9a9c2afffaf0400f5c16df5172a67c9c",
                "sha256:a97e82c39d9856fe7d4f9b86d8a1e66eff99cf3a8b7ba48202f659703d27c46f",
                "sha256:b55b953a1bdb465f4dc181758570d321db4ac23005f90ffd2b434cc6609a63dd",
                "sha256:bb02929b0d6bfab4c48a79bd805bd7419114606947ec8284476167415171f55b",
                "sha256:bece0a4a49e60e472a6d1f70ac6cdea00f9ab80ff01132f96bd970cdd8a9e5a9",
                "sha256:e41e8951749c4b5c9a2dc5fdbc1a4eec6ab2a140fdae9b460b0f557eed870f4d",
                "sha256:f71d57cc8645f14816ae249407d309be250ad8de93ef61d9709b45a0ddf4050c"
            ],
            "version": "==1.22.0"
        },
        "pandas": {
            "hashes": [
                "sha256:0a4ee1e92b17f3dab52e654d2a4b210b2c91111bffaa3f41517f04993dd920c6",
                "sha256:1038ed65cd8b982c8685c04c64e17b96ae21ec0e869427055a6c7bf2d749dc5e",
                "sha256:1667e7caf173acd697226bb5a82b2233db0c4b6c563bad5b6c9bc4dedc5b7c55",
                "sha256:20e06f091278646c58cd1b227bd671b505ba911a581bb77b4c5ca516c89fc846",
                "sha256:528988612b3fc9c9d4a85b4d8551b0b399342427c9cfc7e4562158c79da8ff00",
                "sha256:645fd017f4c88df5a244c88f9e6b6bbfb14afa2d9fa9f3ad24861f31b4ebacd8",
                "sha256:67593d650065816bb6b237c07577ed6c15e44b217cf6caaeb258735a5a6611ed",
                "sha256:688a35124610e2cd0f648981403d41264cb11589896881ac0dacbed64a537e97",
                "sha256:69d2e3223c5566abf50c7eaa90dce166298af5ea6bbef8e568093657944ca603",
                "sha256:92173c976fcca70cb19a958eccdacf98af62ef7301bf786d0321cb8857cdfae6",
                "sha256:97889dc63f1e1d43fbf7b4bf423cb6d166a1953b9fe0163fd57bedc54bad3300",
                "sha256:9ad12c5406de8eabd22b7be364fe1f4466300301dd52b1f44a3bc5d18b06f081",
                "sha256:9c3fdbfd72fb73e9a8b7f45967bcf9d158d47340c970cf73bc3bb59d789422fc",
                "sha256:9c426662892c6de549cd229a6bd5eed4daa3a3cf51cc02412a7971bee4699d9b",
                "sha256:a102114b04e2e5efd1d9a73b8717874c644db50ab1fcdb96f12e2d063ff3b06f",
                "sha256:c320d2dccbd0fda89c8f734e2f0ddc954537394cb4f137715a916dc10062f9e3",
                "sha256:c50f9f8cc2b340cfcab364b8c5341c5a31bc75671de77f4bbb3315575a7889fd",
                "sha256:cb88bb0de30d7c2b25e3d1bacff1b5e405f401cc7ea2c414ffa25f03cdd7622e",
                "sha256:ceb8d90fa92f56a2b5a1ec1574eed06f645e2f65d0afc26eaacb28644fdb7bd5",
                "sha256:d5dc3bd06b4d5d6c00fe5124ca770f290355e2da4c6951043fa1d98ef23b48ab",
                "sha256:d89476a98ba9f5fe064436475cf40d3c4d15534ef878b9a23c90f413ed32e45b",
                "sha256:da206b338c7157be7d9fd22c070d6bd217260aa6f10d7260af9ebc138bc1d243",
                "sha256:f89d61ee18b7fd8f613e71ba4e7f3cf29e4c4b4f6e7df2904605c09124729c67"
            ],
            "version": "==0.20.2"
        },
        "python-dateutil": {
            "hashes": [
                "sha256:0123cacc1627ae19ddf3c27a5de5bd67ee4586fbdd6440d9748f8abb483d3e86",
                "sha256:961d03dc3453ebbc59dbdea9e4e11c5651520a876d0f4db161e8674aae935da9"
            ],
            "markers": "python_version >= '2.7' and python_version not in '3.0, 3.1, 3.2, 3.3'",
            "version": "==2.8.2"
        },
        "pytz": {
            "hashes": [
                "sha256:1e760e2fe6a8163bc0b3d9a19c4f84342afa0a2affebfaa84b01b978a02ecaa7",
                "sha256:e68985985296d9a66a881eb3193b0906246245294a881e7c8afe623866ac6a5c"
            ],
            "version": "==2022.1"
        },
        "six": {
            "hashes": [
                "sha256:1e61c37477a1626458e36f7b1d82aa5c9b094fa4802892072e49de9c60c4c926",
                "sha256:8abb2f1d86890a2dfb989f9a77cfcfd3e47c2a354b01111771326f8aa26e0254"
            ],
            "markers": "python_version >= '2.7' and python_version not in '3.0, 3.1, 3.2, 3.3'",
            "version": "==1.16.0"
        }
    },
    "develop": {
        "alabaster": {
            "hashes": [
                "sha256:446438bdcca0e05bd45ea2de1668c1d9b032e1a9154c2c259092d77031ddd359",
                "sha256:a661d72d58e6ea8a57f7a86e37d86716863ee5e92788398526d58b26a4e4dc02"
            ],
            "version": "==0.7.12"
        },
        "babel": {
            "hashes": [
                "sha256:7614553711ee97490f732126dc077f8d0ae084ebc6a96e23db1482afabdb2c51",
                "sha256:ff56f4892c1c4bf0d814575ea23471c230d544203c7748e8c68f0089478d48eb"
            ],
            "markers": "python_version >= '3.6'",
            "version": "==2.10.3"
        },
        "bumpversion": {
            "hashes": [
                "sha256:6744c873dd7aafc24453d8b6a1a0d6d109faf63cd0cd19cb78fd46e74932c77e",
                "sha256:6753d9ff3552013e2130f7bc03c1007e24473b4835952679653fb132367bdd57"
            ],
            "version": "==0.5.3"
        },
        "certifi": {
            "hashes": [
                "sha256:84c85a9078b11105f04f3036a9482ae10e4621616db313fe045dd24743a0820d",
                "sha256:fe86415d55e84719d75f8b69414f6438ac3547d2078ab91b67e779ef69378412"
            ],
            "markers": "python_version >= '3.6'",
            "version": "==2022.6.15"
        },
        "charset-normalizer": {
            "hashes": [
                "sha256:2857e29ff0d34db842cd7ca3230549d1a697f96ee6d3fb071cfa6c7393832597",
                "sha256:6881edbebdb17b39b4eaaa821b438bf6eddffb4468cf344f09f89def34a8b1df"
            ],
            "markers": "python_version >= '3.5'",
            "version": "==2.0.12"
        },
        "coverage": {
            "hashes": [
                "sha256:0f1883eab9c19aa243f51308751b8a2a547b9b817b721cc0ecf3efb99fafbea7",
                "sha256:0f649e68db74b1b5b8ca4161d08eb2b8fa8ae11af1ebfb80e80e112eb0ef5300",
                "sha256:0fa423599fc3d9e18177f913552cdb34a8d9ad33efcf52a98c9d4b644edb42c5",
                "sha256:13ef9f799c8fb45c446a239df68034de3a6f3de274881b088bebd7f5661f79f8",
                "sha256:16db2c69a1acbcb3c13211e9f954e22b22a729909d81f983b6b9badacc466eda",
                "sha256:17709e22e4c9f5412ba90f446fb13b245cc20bf4a60377021bbff6c0f1f63e7c",
                "sha256:1a41d621aa9b6ab6457b557a754d50aaff0813fad3453434de075496fca8a183",
                "sha256:2a08e978f402696c6956eee9d1b7e95d3ad042959b71bafe1f3e4557cbd6e0ac",
                "sha256:36aa6c8db83bc27346ddcd8c2a60846a7178ecd702672689d3ea1828eb1a4d11",
                "sha256:381be5d31d3f0d912334cf2c159bc7bea6bfe6b0e3df6061a3bf2bf88359b1f6",
                "sha256:4047dc83773869701bde934fb3c4792648eda7c0e008a77a0aec64157d246801",
                "sha256:483ed14080c5301048128bb027b77978c632dd9e92e3ecb09b7e28f5b92abfcf",
                "sha256:4a678e1b9619a29c51301af61ab84122e2f8cc7a0a6b40854b808ac6be604300",
                "sha256:52964fae0fafef8bd283ad8e9a9665205a9fdf912535434defc0ec3def1da26b",
                "sha256:53770b20ac5b4a12e99229d4bae57af0945be87cc257fce6c6c7571a39f0c5d4",
                "sha256:57f510bb16efaec0b6f371b64a8000c62e7e3b3e48e8b0a5745ade078d849814",
                "sha256:5dea90ed140e7fa9bc00463313f9bc4a6e6aff297b4969615e7a688615c4c4d2",
                "sha256:700040c354f0230287906b1276635552a3def4b646e0145555bc9e2e5da9e365",
                "sha256:7a9c44400ee0f3b4546066e0710e1250fd75831adc02ab99dda176ad8726f424",
                "sha256:7f1eacae700c66c3d7362a433b228599c9d94a5a3a52613dddd9474e04deb6bc",
                "sha256:83a477ac4f55a6ef59552683a0544d47b68a85ce6a80fd0ca6b3dc767f6495fb",
                "sha256:83e955b975666b5a07d217135e7797857ce844eb340a99e46cc25525120417c4",
                "sha256:8801880d32f11b6df11c32a961e186774b4634ae39d7c43235f5a24368a85f07",
                "sha256:8bb7c8dca54109b61013bc4114d96effbf10dea136722c586bce3a5d9fc4e730",
                "sha256:9681efc2d310cfc53863cc6f63e88ebe7a48124550fa822147996cb09390b6ab",
                "sha256:97a7ec51cdde3a386e390b159b20f247ccb478084d925c75f1faa3d26c01335e",
                "sha256:9824e15b387d331c0fc0fef905a539ab69784368a1d6ac3db864b4182e520948",
                "sha256:a2f7106d1167825c4115794c2ba57cc3b15feb6183db5328fa66f94c12902d8b",
                "sha256:a5ed27ad3e8420b2d6b625dcbd3e59488c14ccc06030167bcf14ffb0f4189b77",
                "sha256:b7f7283eb7badd2b8a9c6a9d6eeca200a0a24db6be79baee2c11398f978edcaa",
                "sha256:c1456f66c536010cf9e4633a8853a9153e8fd588393695295afd4d0fc16c1d74",
                "sha256:c3e2736664a6074fc9bd54fb643f5af0fc60bfedb2963b3d3f98c7450335e34c",
                "sha256:c5a205b4da3c624f5119dc4d84240789b5906bb8468902ec22dcc4aad8aa4638",
                "sha256:c820a533a943ebc860acc0ce6a00dd36e0fdf2c6f619ff8225755169428c5fa2",
                "sha256:ce9ef0fc99d11d418662e36fd8de6d71b19ec87c2eab961a117cc9d087576e72",
                "sha256:d7b70b7b4eb14d0753d33253fe4f121ca99102612e2719f0993607deb30c6f33",
                "sha256:dfb011587e2b7299112f08a2a60d2601706aac9abde37aa1177ea825adaed923",
                "sha256:dfd35f1979da31bcabbe27bcf78d4284d69870731874af629082590023a77336",
                "sha256:e00fe141e22ce6e9395aa24d862039eb180c6b7e89df0bbaf9765e9aebe560a9",
                "sha256:e61a4ba0b2686040cb4828297c7e37bcaf3a1a1c0bc0dbe46cc789dde51a80fa",
                "sha256:ec596e4401553caa6dd2e3349ce47f9ef82c1f1bcba5d8ac3342724f0df8d6ff",
                "sha256:ef43a06a960b46c73c018704051e023ee6082030f145841ffafc8728039d5a88",
                "sha256:ef574ab9640bcfa2f3c671831faf03f65788945fdf8efa4d4a1fffc034838e2a",
                "sha256:f9e83b39d29c2815a38e4118d776b482d4082b5bf9c9147fbc99a3f83abe480a"
            ],
            "version": "==4.4.1"
        },
        "distlib": {
            "hashes": [
                "sha256:6564fe0a8f51e734df6333d08b8b94d4ea8ee6b99b5ed50613f731fd4089f34b",
                "sha256:e4b58818180336dc9c529bfb9a0b58728ffc09ad92027a3f30b7cd91e3458579"
            ],
            "version": "==0.3.4"
        },
        "docutils": {
            "hashes": [
                "sha256:23010f129180089fbcd3bc08cfefccb3b890b0050e1ca00c867036e9d161b98c",
                "sha256:679987caf361a7539d76e584cbeddc311e3aee937877c87346f31debc63e9d06"
            ],
            "markers": "python_version >= '2.7' and python_version not in '3.0, 3.1, 3.2, 3.3, 3.4'",
            "version": "==0.18.1"
        },
        "filelock": {
            "hashes": [
                "sha256:37def7b658813cda163b56fc564cdc75e86d338246458c4c28ae84cabefa2404",
                "sha256:3a0fd85166ad9dbab54c9aec96737b744106dc5f15c0b09a6744a445299fcf04"
            ],
            "markers": "python_version >= '3.7'",
            "version": "==3.7.1"
        },
        "flake8": {
            "hashes": [
                "sha256:83905eadba99f73fbfe966598aaf1682b3eb6755d2263c5b33a4e8367d60b0d1",
                "sha256:b907a26dcf5580753d8f80f1be0ec1d5c45b719f7bac441120793d1a70b03f12"
            ],
            "version": "==3.3.0"
        },
        "flake8-docstrings": {
            "hashes": [
                "sha256:0d2a7c12e57db7bef56f820d0294bed7a577a18609246f70d223bc1bdccc185c",
                "sha256:62992d5b452e940837ad42905baf09efcd6199813f8657391893414be8db463a"
            ],
            "version": "==1.1.0"
        },
        "flake8-polyfill": {
            "hashes": [
                "sha256:12be6a34ee3ab795b19ca73505e7b55826d5f6ad7230d31b18e106400169b9e9",
                "sha256:e44b087597f6da52ec6393a709e7108b2905317d0c0b744cdca6208e670d8eda"
            ],
            "version": "==1.0.2"
        },
        "idna": {
            "hashes": [
                "sha256:84d9dd047ffa80596e0f246e2eab0b391788b0503584e8945f2368256d2735ff",
                "sha256:9d643ff0a55b762d5cdb124b8eaa99c66322e2157b69160bc32796e824360e6d"
            ],
            "markers": "python_version >= '3.5'",
            "version": "==3.3"
        },
        "imagesize": {
            "hashes": [
                "sha256:1db2f82529e53c3e929e8926a1fa9235aa82d0bd0c580359c67ec31b2fddaa8c",
                "sha256:cd1750d452385ca327479d45b64d9c7729ecf0b3969a58148298c77092261f9d"
            ],
            "markers": "python_version >= '2.7' and python_version not in '3.0, 3.1, 3.2, 3.3'",
            "version": "==1.3.0"
        },
        "jinja2": {
            "hashes": [
                "sha256:31351a702a408a9e7595a8fc6150fc3f43bb6bf7e319770cbc0db9df9437e852",
                "sha256:6088930bfe239f0e6710546ab9c19c9ef35e29792895fed6e6e31a023a182a61"
            ],
            "markers": "python_version >= '3.7'",
            "version": "==3.1.2"
        },
        "markupsafe": {
            "hashes": [
                "sha256:0212a68688482dc52b2d45013df70d169f542b7394fc744c02a57374a4207003",
                "sha256:089cf3dbf0cd6c100f02945abeb18484bd1ee57a079aefd52cffd17fba910b88",
                "sha256:10c1bfff05d95783da83491be968e8fe789263689c02724e0c691933c52994f5",
                "sha256:33b74d289bd2f5e527beadcaa3f401e0df0a89927c1559c8566c066fa4248ab7",
                "sha256:3799351e2336dc91ea70b034983ee71cf2f9533cdff7c14c90ea126bfd95d65a",
                "sha256:3ce11ee3f23f79dbd06fb3d63e2f6af7b12db1d46932fe7bd8afa259a5996603",
                "sha256:421be9fbf0ffe9ffd7a378aafebbf6f4602d564d34be190fc19a193232fd12b1",
                "sha256:43093fb83d8343aac0b1baa75516da6092f58f41200907ef92448ecab8825135",
                "sha256:46d00d6cfecdde84d40e572d63735ef81423ad31184100411e6e3388d405e247",
                "sha256:4a33dea2b688b3190ee12bd7cfa29d39c9ed176bda40bfa11099a3ce5d3a7ac6",
                "sha256:4b9fe39a2ccc108a4accc2676e77da025ce383c108593d65cc909add5c3bd601",
                "sha256:56442863ed2b06d19c37f94d999035e15ee982988920e12a5b4ba29b62ad1f77",
                "sha256:671cd1187ed5e62818414afe79ed29da836dde67166a9fac6d435873c44fdd02",
                "sha256:694deca8d702d5db21ec83983ce0bb4b26a578e71fbdbd4fdcd387daa90e4d5e",
                "sha256:6a074d34ee7a5ce3effbc526b7083ec9731bb3cbf921bbe1d3005d4d2bdb3a63",
                "sha256:6d0072fea50feec76a4c418096652f2c3238eaa014b2f94aeb1d56a66b41403f",
                "sha256:6fbf47b5d3728c6aea2abb0589b5d30459e369baa772e0f37a0320185e87c980",
                "sha256:7f91197cc9e48f989d12e4e6fbc46495c446636dfc81b9ccf50bb0ec74b91d4b",
                "sha256:86b1f75c4e7c2ac2ccdaec2b9022845dbb81880ca318bb7a0a01fbf7813e3812",
                "sha256:8dc1c72a69aa7e082593c4a203dcf94ddb74bb5c8a731e4e1eb68d031e8498ff",
                "sha256:8e3dcf21f367459434c18e71b2a9532d96547aef8a871872a5bd69a715c15f96",
                "sha256:8e576a51ad59e4bfaac456023a78f6b5e6e7651dcd383bcc3e18d06f9b55d6d1",
                "sha256:96e37a3dc86e80bf81758c152fe66dbf60ed5eca3d26305edf01892257049925",
                "sha256:97a68e6ada378df82bc9f16b800ab77cbf4b2fada0081794318520138c088e4a",
                "sha256:99a2a507ed3ac881b975a2976d59f38c19386d128e7a9a18b7df6fff1fd4c1d6",
                "sha256:a49907dd8420c5685cfa064a1335b6754b74541bbb3706c259c02ed65b644b3e",
                "sha256:b09bf97215625a311f669476f44b8b318b075847b49316d3e28c08e41a7a573f",
                "sha256:b7bd98b796e2b6553da7225aeb61f447f80a1ca64f41d83612e6139ca5213aa4",
                "sha256:b87db4360013327109564f0e591bd2a3b318547bcef31b468a92ee504d07ae4f",
                "sha256:bcb3ed405ed3222f9904899563d6fc492ff75cce56cba05e32eff40e6acbeaa3",
                "sha256:d4306c36ca495956b6d568d276ac11fdd9c30a36f1b6eb928070dc5360b22e1c",
                "sha256:d5ee4f386140395a2c818d149221149c54849dfcfcb9f1debfe07a8b8bd63f9a",
                "sha256:dda30ba7e87fbbb7eab1ec9f58678558fd9a6b8b853530e176eabd064da81417",
                "sha256:e04e26803c9c3851c931eac40c695602c6295b8d432cbe78609649ad9bd2da8a",
                "sha256:e1c0b87e09fa55a220f058d1d49d3fb8df88fbfab58558f1198e08c1e1de842a",
                "sha256:e72591e9ecd94d7feb70c1cbd7be7b3ebea3f548870aa91e2732960fa4d57a37",
                "sha256:e8c843bbcda3a2f1e3c2ab25913c80a3c5376cd00c6e8c4a86a89a28c8dc5452",
                "sha256:efc1913fd2ca4f334418481c7e595c00aad186563bbc1ec76067848c7ca0a933",
                "sha256:f121a1420d4e173a5d96e47e9a0c0dcff965afdf1626d28de1460815f7c4ee7a",
                "sha256:fc7b548b17d238737688817ab67deebb30e8073c95749d55538ed473130ec0c7"
            ],
            "markers": "python_version >= '3.7'",
            "version": "==2.1.1"
        },
        "mccabe": {
            "hashes": [
                "sha256:ab8a6258860da4b6677da4bd2fe5dc2c659cff31b3ee4f7f5d64e79735b80d42",
                "sha256:dd8d182285a0fe56bace7f45b5e7d1a6ebcbf524e8f3bd87eb0f125271b8831f"
            ],
            "version": "==0.6.1"
        },
        "mock": {
            "hashes": [
                "sha256:122fcb64ee37cfad5b3f48d7a7d51875d7031aaf3d8be7c42e2bee25044eee62",
                "sha256:7d3fbbde18228f4ff2f1f119a45cdffa458b4c0dee32eb4d2bb2f82554bac7bc"
            ],
            "markers": "python_version >= '3.6'",
            "version": "==4.0.3"
        },
        "platformdirs": {
            "hashes": [
                "sha256:027d8e83a2d7de06bbac4e5ef7e023c02b863d7ea5d079477e722bb41ab25788",
                "sha256:58c8abb07dcb441e6ee4b11d8df0ac856038f944ab98b7be6b27b2a3c7feef19"
            ],
            "markers": "python_version >= '3.7'",
            "version": "==2.5.2"
        },
        "pluggy": {
            "hashes": [
                "sha256:15b2acde666561e1298d71b523007ed7364de07029219b604cf808bfa1c765b0",
                "sha256:966c145cd83c96502c3c3868f50408687b38434af77734af1e9ca461a4081d2d"
            ],
            "markers": "python_version >= '2.7' and python_version not in '3.0, 3.1, 3.2, 3.3'",
            "version": "==0.13.1"
        },
        "py": {
            "hashes": [
                "sha256:51c75c4126074b472f746a24399ad32f6053d1b34b68d2fa41e558e6f4a98719",
                "sha256:607c53218732647dff4acdfcd50cb62615cedf612e72d1724fb1a0cc6405b378"
            ],
            "markers": "python_version >= '2.7' and python_version not in '3.0, 3.1, 3.2, 3.3, 3.4'",
            "version": "==1.11.0"
        },
        "pycodestyle": {
            "hashes": [
                "sha256:682256a5b318149ca0d2a9185d365d8864a768a28db66a84a2ea946bcc426766",
                "sha256:6c4245ade1edfad79c3446fadfc96b0de2759662dc29d07d80a6f27ad1ca6ba9"
            ],
            "version": "==2.3.1"
        },
        "pydocstyle": {
            "hashes": [
                "sha256:1d41b7c459ba0ee6c345f2eb9ae827cab14a7533a88c5c6f7e94923f72df92dc",
                "sha256:6987826d6775056839940041beef5c08cc7e3d71d63149b48e36727f70144dc4"
            ],
            "markers": "python_version >= '3.6'",
            "version": "==6.1.1"
        },
        "pyflakes": {
            "hashes": [
                "sha256:aa0d4dff45c0cc2214ba158d29280f8fa1129f3e87858ef825930845146337f4",
                "sha256:cc5eadfb38041f8366128786b4ca12700ed05bbf1403d808e89d57d67a3875a7"
            ],
            "version": "==1.5.0"
        },
        "pygments": {
            "hashes": [
                "sha256:5eb116118f9612ff1ee89ac96437bb6b49e8f04d8a13b514ba26f620208e26eb",
                "sha256:dc9c10fb40944260f6ed4c688ece0cd2048414940f1cea51b8b226318411c519"
            ],
            "markers": "python_version >= '3.6'",
            "version": "==2.12.0"
        },
        "pytest": {
            "hashes": [
                "sha256:41e618f317957505ae2e81935733d8304d84170f7e21dfb15184d6fa8d7a5230",
                "sha256:795ec29fbba70b22a593691ce8bcd4bdde2dc96e8099731f73c7d8bb3ce879bf"
            ],
            "version": "==3.1.2"
        },
        "pytest-spec": {
            "hashes": [
                "sha256:3039ac431df097c169a6bc40e7501f884efff077cf470ffb855315ba89ee29e7"
            ],
            "version": "==1.1.0"
        },
        "pytz": {
            "hashes": [
                "sha256:1e760e2fe6a8163bc0b3d9a19c4f84342afa0a2affebfaa84b01b978a02ecaa7",
                "sha256:e68985985296d9a66a881eb3193b0906246245294a881e7c8afe623866ac6a5c"
            ],
            "version": "==2022.1"
        },
        "pyyaml": {
            "hashes": [
                "sha256:0c507b7f74b3d2dd4d1322ec8a94794927305ab4cebbe89cc47fe5e81541e6e8",
                "sha256:16b20e970597e051997d90dc2cddc713a2876c47e3d92d59ee198700c5427736",
                "sha256:3262c96a1ca437e7e4763e2843746588a965426550f3797a79fca9c6199c431f",
                "sha256:326420cbb492172dec84b0f65c80942de6cedb5233c413dd824483989c000608",
                "sha256:4474f8ea030b5127225b8894d626bb66c01cda098d47a2b0d3429b6700af9fd8",
                "sha256:592766c6303207a20efc445587778322d7f73b161bd994f227adaa341ba212ab",
                "sha256:5ac82e411044fb129bae5cfbeb3ba626acb2af31a8d17d175004b70862a741a7",
                "sha256:5f84523c076ad14ff5e6c037fe1c89a7f73a3e04cf0377cb4d017014976433f3",
                "sha256:827dc04b8fa7d07c44de11fabbc888e627fa8293b695e0f99cb544fdfa1bf0d1",
                "sha256:b4c423ab23291d3945ac61346feeb9a0dc4184999ede5e7c43e1ffb975130ae6",
                "sha256:bc6bced57f826ca7cb5125a10b23fd0f2fff3b7c4701d64c439a300ce665fff8",
                "sha256:c01b880ec30b5a6e6aa67b09a2fe3fb30473008c85cd6a67359a1b15ed6d83a4",
                "sha256:ca233c64c6e40eaa6c66ef97058cdc80e8d0157a443655baa1b2966e812807ca",
                "sha256:e863072cdf4c72eebf179342c94e6989c67185842d9997960b3e69290b2fa269"
            ],
            "version": "==3.12"
        },
        "requests": {
            "hashes": [
                "sha256:bc7861137fbce630f17b03d3ad02ad0bf978c844f3536d0edda6499dafce2b6f",
                "sha256:d568723a7ebd25875d8d1eaf5dfa068cd2fc8194b2e483d7b1f7c81918dbec6b"
            ],
            "markers": "python_version >= '3.7' and python_version < '4'",
            "version": "==2.28.0"
        },
        "setuptools": {
            "hashes": [
                "sha256:990a4f7861b31532871ab72331e755b5f14efbe52d336ea7f6118144dd478741",
                "sha256:c1848f654aea2e3526d17fc3ce6aeaa5e7e24e66e645b5be2171f3f6b4e5a178"
            ],
            "markers": "python_version >= '3.7'",
            "version": "==62.6.0"
        },
        "six": {
            "hashes": [
                "sha256:1e61c37477a1626458e36f7b1d82aa5c9b094fa4802892072e49de9c60c4c926",
                "sha256:8abb2f1d86890a2dfb989f9a77cfcfd3e47c2a354b01111771326f8aa26e0254"
            ],
            "markers": "python_version >= '2.7' and python_version not in '3.0, 3.1, 3.2, 3.3'",
            "version": "==1.16.0"
        },
        "snowballstemmer": {
            "hashes": [
                "sha256:09b16deb8547d3412ad7b590689584cd0fe25ec8db3be37788be3810cbf19cb1",
                "sha256:c8e1716e83cc398ae16824e5572ae04e0d9fc2c6b985fb0f900f5f0c96ecba1a"
            ],
            "version": "==2.2.0"
        },
        "sphinx": {
            "hashes": [
                "sha256:011c1851b5f2d9f4b1d9898162867f2bf91db5c26ad8178d3122909203bc2f6c",
                "sha256:67527d767dff9a2e2159c501265cff47b6d96d39e036e8b971d6c143ff303197"
            ],
            "version": "==1.6.2"
        },
        "sphinxcontrib-serializinghtml": {
            "hashes": [
                "sha256:352a9a00ae864471d3a7ead8d7d79f5fc0b57e8b3f95e9867eb9eb28999b92fd",
                "sha256:aa5f6de5dfdf809ef505c4895e51ef5c9eac17d0f287933eb49ec495280b6952"
            ],
            "markers": "python_version >= '3.5'",
            "version": "==1.1.5"
        },
        "sphinxcontrib-websupport": {
            "hashes": [
                "sha256:4edf0223a0685a7c485ae5a156b6f529ba1ee481a1417817935b20bde1956232",
                "sha256:6fc9287dfc823fe9aa432463edd6cea47fa9ebbf488d7f289b322ffcfca075c7"
            ],
            "markers": "python_version >= '3.5'",
            "version": "==1.2.4"
        },
        "tox": {
            "hashes": [
                "sha256:0f37ea637ead4a5bbae91531b0bf8fd327c7152e20255e5960ee180598228d21",
                "sha256:9c3bdc06fe411d24015e8bbbab9d03dc5243a970154496aac13f9283682435f9"
            ],
            "version": "==2.7.0"
        },
        "urllib3": {
            "hashes": [
                "sha256:44ece4d53fb1706f667c9bd1c648f5469a2ec925fcf3a776667042d645472c14",
                "sha256:aabaf16477806a5e1dd19aa41f8c2b7950dd3c746362d7e3223dbe6de6ac448e"
            ],
            "markers": "python_version >= '2.7' and python_version not in '3.0, 3.1, 3.2, 3.3, 3.4' and python_version < '4'",
            "version": "==1.26.9"
        },
        "virtualenv": {
            "hashes": [
                "sha256:e617f16e25b42eb4f6e74096b9c9e37713cf10bf30168fb4a739f3fa8f898a3a",
                "sha256:ef589a79795589aada0c1c5b319486797c03b67ac3984c48c669c0e4f50df3a5"
            ],
            "markers": "python_version != '3.2'",
            "version": "==20.14.1"
        }
    }
}
